
Microsoft Visual Studio Solution File, Format Version 12.00
# Visual Studio Version 16
VisualStudioVersion = 16.0.29009.5
MinimumVisualStudioVersion = 10.0.40219.1
Project("{FAE04EC0-301F-11D3-BF4B-00C04F79EFBC}") = "0to100to0to0", "0to100to0to0\0to100to0to0.csproj", "{185A84C7-33A7-4AFA-9C97-E1A6852D9692}"
EndProject
Global
	GlobalSection(SolutionConfigurationPlatforms) = preSolution
		Debug|Any CPU = Debug|Any CPU
		Release|Any CPU = Release|Any CPU
	EndGlobalSection
	GlobalSection(ProjectConfigurationPlatforms) = postSolution
		{185A84C7-33A7-4AFA-9C97-E1A6852D9692}.Debug|Any CPU.ActiveCfg = Debug|Any CPU
		{185A84C7-33A7-4AFA-9C97-E1A6852D9692}.Debug|Any CPU.Build.0 = Debug|Any CPU
		{185A84C7-33A7-4AFA-9C97-E1A6852D9692}.Release|Any CPU.ActiveCfg = Release|Any CPU
		{185A84C7-33A7-4AFA-9C97-E1A6852D9692}.Release|Any CPU.Build.0 = Release|Any CPU
	EndGlobalSection
	GlobalSection(SolutionProperties) = preSolution
		HideSolutionNode = FALSE
	EndGlobalSection
	GlobalSection(ExtensibilityGlobals) = postSolution
		SolutionGuid = {A1924444-BA6C-42EE-8464-9560AF3C79B2}
	EndGlobalSection
EndGlobal
