
Microsoft Visual Studio Solution File, Format Version 12.00
# Visual Studio Version 16
VisualStudioVersion = 16.0.29009.5
MinimumVisualStudioVersion = 10.0.40219.1
Project("{FAE04EC0-301F-11D3-BF4B-00C04F79EFBC}") = "Output_2_ints", "Output_2_ints\Output_2_ints.csproj", "{04371902-19C0-4D7E-AAD2-2D4C76DD90BD}"
EndProject
Global
	GlobalSection(SolutionConfigurationPlatforms) = preSolution
		Debug|Any CPU = Debug|Any CPU
		Release|Any CPU = Release|Any CPU
	EndGlobalSection
	GlobalSection(ProjectConfigurationPlatforms) = postSolution
		{04371902-19C0-4D7E-AAD2-2D4C76DD90BD}.Debug|Any CPU.ActiveCfg = Debug|Any CPU
		{04371902-19C0-4D7E-AAD2-2D4C76DD90BD}.Debug|Any CPU.Build.0 = Debug|Any CPU
		{04371902-19C0-4D7E-AAD2-2D4C76DD90BD}.Release|Any CPU.ActiveCfg = Release|Any CPU
		{04371902-19C0-4D7E-AAD2-2D4C76DD90BD}.Release|Any CPU.Build.0 = Release|Any CPU
	EndGlobalSection
	GlobalSection(SolutionProperties) = preSolution
		HideSolutionNode = FALSE
	EndGlobalSection
	GlobalSection(ExtensibilityGlobals) = postSolution
		SolutionGuid = {164EDEF3-26F3-40D9-AD4B-A7E8DB37E3A0}
	EndGlobalSection
EndGlobal
